
Microsoft Visual Studio Solution File, Format Version 12.00
# Visual Studio Version 16
VisualStudioVersion = 16.0.30907.101
MinimumVisualStudioVersion = 10.0.40219.1
Project("{9A19103F-16F7-4668-BE54-9A1E7A4F7556}") = "DataAccess", "DataAccess\DataAccess.csproj", "{73E832BE-5346-4FFF-A7B2-4E56177A2D0A}"
EndProject
Project("{9A19103F-16F7-4668-BE54-9A1E7A4F7556}") = "Business", "Business\Business.csproj", "{1D0EF2FB-77B4-401A-83DB-59D6B0245F3B}"
EndProject
Project("{9A19103F-16F7-4668-BE54-9A1E7A4F7556}") = "Entities", "Entities\Entities.csproj", "{37C1D1F0-0A9B-420F-BF92-FB60131FDCE3}"
EndProject
Project("{9A19103F-16F7-4668-BE54-9A1E7A4F7556}") = "ConsoleUI", "ConsoleUI\ConsoleUI.csproj", "{88A3DEFE-7230-40C7-BF3F-F571C6D53209}"
EndProject
Project("{9A19103F-16F7-4668-BE54-9A1E7A4F7556}") = "Core", "Core\Core.csproj", "{D2EAB241-EB82-4619-822D-9CE42F3035A9}"
EndProject
Project("{FAE04EC0-301F-11D3-BF4B-00C04F79EFBC}") = "WebAPI", "WebAPI\WebAPI.csproj", "{A44D4A6A-D9E3-4F50-A07C-B56BF563F0DA}"
EndProject
Global
	GlobalSection(SolutionConfigurationPlatforms) = preSolution
		Debug|Any CPU = Debug|Any CPU
		Release|Any CPU = Release|Any CPU
	EndGlobalSection
	GlobalSection(ProjectConfigurationPlatforms) = postSolution
		{73E832BE-5346-4FFF-A7B2-4E56177A2D0A}.Debug|Any CPU.ActiveCfg = Debug|Any CPU
		{73E832BE-5346-4FFF-A7B2-4E56177A2D0A}.Debug|Any CPU.Build.0 = Debug|Any CPU
		{73E832BE-5346-4FFF-A7B2-4E56177A2D0A}.Release|Any CPU.ActiveCfg = Release|Any CPU
		{73E832BE-5346-4FFF-A7B2-4E56177A2D0A}.Release|Any CPU.Build.0 = Release|Any CPU
		{1D0EF2FB-77B4-401A-83DB-59D6B0245F3B}.Debug|Any CPU.ActiveCfg = Debug|Any CPU
		{1D0EF2FB-77B4-401A-83DB-59D6B0245F3B}.Debug|Any CPU.Build.0 = Debug|Any CPU
		{1D0EF2FB-77B4-401A-83DB-59D6B0245F3B}.Release|Any CPU.ActiveCfg = Release|Any CPU
		{1D0EF2FB-77B4-401A-83DB-59D6B0245F3B}.Release|Any CPU.Build.0 = Release|Any CPU
		{37C1D1F0-0A9B-420F-BF92-FB60131FDCE3}.Debug|Any CPU.ActiveCfg = Debug|Any CPU
		{37C1D1F0-0A9B-420F-BF92-FB60131FDCE3}.Debug|Any CPU.Build.0 = Debug|Any CPU
		{37C1D1F0-0A9B-420F-BF92-FB60131FDCE3}.Release|Any CPU.ActiveCfg = Release|Any CPU
		{37C1D1F0-0A9B-420F-BF92-FB60131FDCE3}.Release|Any CPU.Build.0 = Release|Any CPU
		{88A3DEFE-7230-40C7-BF3F-F571C6D53209}.Debug|Any CPU.ActiveCfg = Debug|Any CPU
		{88A3DEFE-7230-40C7-BF3F-F571C6D53209}.Debug|Any CPU.Build.0 = Debug|Any CPU
		{88A3DEFE-7230-40C7-BF3F-F571C6D53209}.Release|Any CPU.ActiveCfg = Release|Any CPU
		{88A3DEFE-7230-40C7-BF3F-F571C6D53209}.Release|Any CPU.Build.0 = Release|Any CPU
		{D2EAB241-EB82-4619-822D-9CE42F3035A9}.Debug|Any CPU.ActiveCfg = Debug|Any CPU
		{D2EAB241-EB82-4619-822D-9CE42F3035A9}.Debug|Any CPU.Build.0 = Debug|Any CPU
		{D2EAB241-EB82-4619-822D-9CE42F3035A9}.Release|Any CPU.ActiveCfg = Release|Any CPU
		{D2EAB241-EB82-4619-822D-9CE42F3035A9}.Release|Any CPU.Build.0 = Release|Any CPU
		{A44D4A6A-D9E3-4F50-A07C-B56BF563F0DA}.Debug|Any CPU.ActiveCfg = Debug|Any CPU
		{A44D4A6A-D9E3-4F50-A07C-B56BF563F0DA}.Debug|Any CPU.Build.0 = Debug|Any CPU
		{A44D4A6A-D9E3-4F50-A07C-B56BF563F0DA}.Release|Any CPU.ActiveCfg = Release|Any CPU
		{A44D4A6A-D9E3-4F50-A07C-B56BF563F0DA}.Release|Any CPU.Build.0 = Release|Any CPU
	EndGlobalSection
	GlobalSection(SolutionProperties) = preSolution
		HideSolutionNode = FALSE
	EndGlobalSection
	GlobalSection(ExtensibilityGlobals) = postSolution
		SolutionGuid = {D421BC44-EEE2-419D-882B-1EFC947ED06C}
	EndGlobalSection
EndGlobal
